
Microsoft Visual Studio Solution File, Format Version 12.00
# Visual Studio 15
VisualStudioVersion = 15.0.27130.2036
MinimumVisualStudioVersion = 10.0.40219.1
Project("{E24C65DC-7377-472B-9ABA-BC803B73C61A}") = "ChocolateSystem", "ChocolateSystem\", "{9747BF91-B444-4A57-A098-0E7F458E4691}"
	ProjectSection(WebsiteProperties) = preProject
		TargetFrameworkMoniker = ".NETFramework,Version%3Dv4.6.1"
		Debug.AspNetCompiler.VirtualPath = "/localhost_50499"
		Debug.AspNetCompiler.PhysicalPath = "ChocolateSystem\"
		Debug.AspNetCompiler.TargetPath = "PrecompiledWeb\localhost_50499\"
		Debug.AspNetCompiler.Updateable = "true"
		Debug.AspNetCompiler.ForceOverwrite = "true"
		Debug.AspNetCompiler.FixedNames = "false"
		Debug.AspNetCompiler.Debug = "True"
		Release.AspNetCompiler.VirtualPath = "/localhost_50499"
		Release.AspNetCompiler.PhysicalPath = "ChocolateSystem\"
		Release.AspNetCompiler.TargetPath = "PrecompiledWeb\localhost_50499\"
		Release.AspNetCompiler.Updateable = "true"
		Release.AspNetCompiler.ForceOverwrite = "true"
		Release.AspNetCompiler.FixedNames = "false"
		Release.AspNetCompiler.Debug = "False"
		VWDPort = "50499"
		SlnRelativePath = "ChocolateSystem\"
		DefaultWebSiteLanguage = "Visual C#"
	EndProjectSection
EndProject
Global
	GlobalSection(SolutionConfigurationPlatforms) = preSolution
		Debug|Any CPU = Debug|Any CPU
	EndGlobalSection
	GlobalSection(ProjectConfigurationPlatforms) = postSolution
		{9747BF91-B444-4A57-A098-0E7F458E4691}.Debug|Any CPU.ActiveCfg = Debug|Any CPU
		{9747BF91-B444-4A57-A098-0E7F458E4691}.Debug|Any CPU.Build.0 = Debug|Any CPU
	EndGlobalSection
	GlobalSection(SolutionProperties) = preSolution
		HideSolutionNode = FALSE
	EndGlobalSection
	GlobalSection(ExtensibilityGlobals) = postSolution
		SolutionGuid = {044C0EEB-98D6-4AB6-92AD-DB15664FF18F}
	EndGlobalSection
EndGlobal
